
Microsoft Visual Studio Solution File, Format Version 12.00
# Visual Studio Version 17
VisualStudioVersion = 17.14.36623.8
MinimumVisualStudioVersion = 10.0.40219.1
Project("{FAE04EC0-301F-11D3-BF4B-00C04F79EFBC}") = "CasaAsa.Data", "CasaAsa.Data\CasaAsa.Data.csproj", "{F5D0E062-0262-464E-8769-E08103F3F8CA}"
EndProject
Project("{FAE04EC0-301F-11D3-BF4B-00C04F79EFBC}") = "CasaAsa.Business", "CasaAsa.Business\CasaAsa.Business.csproj", "{3B67033C-E361-4734-9DE1-7D5DEB654149}"
EndProject
Project("{FAE04EC0-301F-11D3-BF4B-00C04F79EFBC}") = "CasaAsa.API", "CasaAsa.API\CasaAsa.API.csproj", "{029C2205-0CB8-4F83-A103-D33D0925C765}"
EndProject
Project("{FAE04EC0-301F-11D3-BF4B-00C04F79EFBC}") = "CasaAsa.Core", "CasaAsa.Core\CasaAsa.Core.csproj", "{AF932D83-A0DE-4341-B01F-307C70F497B4}"
EndProject
Project("{FAE04EC0-301F-11D3-BF4B-00C04F79EFBC}") = "CasaAsa.Test", "CasaAsa.Test\CasaAsa.Test.csproj", "{7CFAE978-8315-4B9B-99A7-9F85FBB0B06C}"
EndProject
Global
	GlobalSection(SolutionConfigurationPlatforms) = preSolution
		Debug|Any CPU = Debug|Any CPU
		Release|Any CPU = Release|Any CPU
	EndGlobalSection
	GlobalSection(ProjectConfigurationPlatforms) = postSolution
		{F5D0E062-0262-464E-8769-E08103F3F8CA}.Debug|Any CPU.ActiveCfg = Debug|Any CPU
		{F5D0E062-0262-464E-8769-E08103F3F8CA}.Debug|Any CPU.Build.0 = Debug|Any CPU
		{F5D0E062-0262-464E-8769-E08103F3F8CA}.Release|Any CPU.ActiveCfg = Release|Any CPU
		{F5D0E062-0262-464E-8769-E08103F3F8CA}.Release|Any CPU.Build.0 = Release|Any CPU
		{3B67033C-E361-4734-9DE1-7D5DEB654149}.Debug|Any CPU.ActiveCfg = Debug|Any CPU
		{3B67033C-E361-4734-9DE1-7D5DEB654149}.Debug|Any CPU.Build.0 = Debug|Any CPU
		{3B67033C-E361-4734-9DE1-7D5DEB654149}.Release|Any CPU.ActiveCfg = Release|Any CPU
		{3B67033C-E361-4734-9DE1-7D5DEB654149}.Release|Any CPU.Build.0 = Release|Any CPU
		{029C2205-0CB8-4F83-A103-D33D0925C765}.Debug|Any CPU.ActiveCfg = Debug|Any CPU
		{029C2205-0CB8-4F83-A103-D33D0925C765}.Debug|Any CPU.Build.0 = Debug|Any CPU
		{029C2205-0CB8-4F83-A103-D33D0925C765}.Release|Any CPU.ActiveCfg = Release|Any CPU
		{029C2205-0CB8-4F83-A103-D33D0925C765}.Release|Any CPU.Build.0 = Release|Any CPU
		{AF932D83-A0DE-4341-B01F-307C70F497B4}.Debug|Any CPU.ActiveCfg = Debug|Any CPU
		{AF932D83-A0DE-4341-B01F-307C70F497B4}.Debug|Any CPU.Build.0 = Debug|Any CPU
		{AF932D83-A0DE-4341-B01F-307C70F497B4}.Release|Any CPU.ActiveCfg = Release|Any CPU
		{AF932D83-A0DE-4341-B01F-307C70F497B4}.Release|Any CPU.Build.0 = Release|Any CPU
		{7CFAE978-8315-4B9B-99A7-9F85FBB0B06C}.Debug|Any CPU.ActiveCfg = Debug|Any CPU
		{7CFAE978-8315-4B9B-99A7-9F85FBB0B06C}.Debug|Any CPU.Build.0 = Debug|Any CPU
		{7CFAE978-8315-4B9B-99A7-9F85FBB0B06C}.Release|Any CPU.ActiveCfg = Release|Any CPU
		{7CFAE978-8315-4B9B-99A7-9F85FBB0B06C}.Release|Any CPU.Build.0 = Release|Any CPU
	EndGlobalSection
	GlobalSection(SolutionProperties) = preSolution
		HideSolutionNode = FALSE
	EndGlobalSection
	GlobalSection(ExtensibilityGlobals) = postSolution
		SolutionGuid = {DDB3DEAD-FF81-487B-8E9D-23BF4BE71930}
	EndGlobalSection
EndGlobal
